
Microsoft Visual Studio Solution File, Format Version 12.00
# Visual Studio Version 17
VisualStudioVersion = 17.7.34031.279
MinimumVisualStudioVersion = 10.0.40219.1
Project("{9A19103F-16F7-4668-BE54-9A1E7A4F7556}") = "TestProject", "TestProject\TestProject.csproj", "{FCD76AED-7F9F-40CB-8DF9-456163A5DEC1}"
EndProject
Project("{9A19103F-16F7-4668-BE54-9A1E7A4F7556}") = "Catalog.Domain", "Catalog.Domain\Catalog.Domain.csproj", "{E4CC7C6C-B682-427D-AF9A-6843E88A1D0E}"
EndProject
Project("{9A19103F-16F7-4668-BE54-9A1E7A4F7556}") = "Catalog.Application", "Catalog.Application\Catalog.Application.csproj", "{3F6C95E2-DFF7-4B89-9DC6-921094C27225}"
EndProject
Project("{9A19103F-16F7-4668-BE54-9A1E7A4F7556}") = "Catalog.Infra", "Catalog.Infra\Catalog.Infra.csproj", "{AF16D967-72C3-47DB-96A7-6390D77E3ADF}"
EndProject
Project("{9A19103F-16F7-4668-BE54-9A1E7A4F7556}") = "Catalog.Data", "Catalog.Data\Catalog.Data.csproj", "{3BF939F8-3089-4EF6-B213-B67FC9E683C5}"
EndProject
Project("{9A19103F-16F7-4668-BE54-9A1E7A4F7556}") = "Catalog.EndToEndTests", "Catalog.EndToEndTests\Catalog.EndToEndTests.csproj", "{9CC30C78-CB3D-4F36-B02D-2C84B6587614}"
EndProject
Project("{FAE04EC0-301F-11D3-BF4B-00C04F79EFBC}") = "catalog.API", "catalog.API\catalog.API.csproj", "{37F4619C-17EB-486E-93DE-22875560A92B}"
EndProject
Global
	GlobalSection(SolutionConfigurationPlatforms) = preSolution
		Debug|Any CPU = Debug|Any CPU
		Release|Any CPU = Release|Any CPU
	EndGlobalSection
	GlobalSection(ProjectConfigurationPlatforms) = postSolution
		{FCD76AED-7F9F-40CB-8DF9-456163A5DEC1}.Debug|Any CPU.ActiveCfg = Debug|Any CPU
		{FCD76AED-7F9F-40CB-8DF9-456163A5DEC1}.Debug|Any CPU.Build.0 = Debug|Any CPU
		{FCD76AED-7F9F-40CB-8DF9-456163A5DEC1}.Release|Any CPU.ActiveCfg = Release|Any CPU
		{FCD76AED-7F9F-40CB-8DF9-456163A5DEC1}.Release|Any CPU.Build.0 = Release|Any CPU
		{E4CC7C6C-B682-427D-AF9A-6843E88A1D0E}.Debug|Any CPU.ActiveCfg = Debug|Any CPU
		{E4CC7C6C-B682-427D-AF9A-6843E88A1D0E}.Debug|Any CPU.Build.0 = Debug|Any CPU
		{E4CC7C6C-B682-427D-AF9A-6843E88A1D0E}.Release|Any CPU.ActiveCfg = Release|Any CPU
		{E4CC7C6C-B682-427D-AF9A-6843E88A1D0E}.Release|Any CPU.Build.0 = Release|Any CPU
		{3F6C95E2-DFF7-4B89-9DC6-921094C27225}.Debug|Any CPU.ActiveCfg = Debug|Any CPU
		{3F6C95E2-DFF7-4B89-9DC6-921094C27225}.Debug|Any CPU.Build.0 = Debug|Any CPU
		{3F6C95E2-DFF7-4B89-9DC6-921094C27225}.Release|Any CPU.ActiveCfg = Release|Any CPU
		{3F6C95E2-DFF7-4B89-9DC6-921094C27225}.Release|Any CPU.Build.0 = Release|Any CPU
		{AF16D967-72C3-47DB-96A7-6390D77E3ADF}.Debug|Any CPU.ActiveCfg = Debug|Any CPU
		{AF16D967-72C3-47DB-96A7-6390D77E3ADF}.Debug|Any CPU.Build.0 = Debug|Any CPU
		{AF16D967-72C3-47DB-96A7-6390D77E3ADF}.Release|Any CPU.ActiveCfg = Release|Any CPU
		{AF16D967-72C3-47DB-96A7-6390D77E3ADF}.Release|Any CPU.Build.0 = Release|Any CPU
		{3BF939F8-3089-4EF6-B213-B67FC9E683C5}.Debug|Any CPU.ActiveCfg = Debug|Any CPU
		{3BF939F8-3089-4EF6-B213-B67FC9E683C5}.Debug|Any CPU.Build.0 = Debug|Any CPU
		{3BF939F8-3089-4EF6-B213-B67FC9E683C5}.Release|Any CPU.ActiveCfg = Release|Any CPU
		{3BF939F8-3089-4EF6-B213-B67FC9E683C5}.Release|Any CPU.Build.0 = Release|Any CPU
		{9CC30C78-CB3D-4F36-B02D-2C84B6587614}.Debug|Any CPU.ActiveCfg = Debug|Any CPU
		{9CC30C78-CB3D-4F36-B02D-2C84B6587614}.Debug|Any CPU.Build.0 = Debug|Any CPU
		{9CC30C78-CB3D-4F36-B02D-2C84B6587614}.Release|Any CPU.ActiveCfg = Release|Any CPU
		{9CC30C78-CB3D-4F36-B02D-2C84B6587614}.Release|Any CPU.Build.0 = Release|Any CPU
		{37F4619C-17EB-486E-93DE-22875560A92B}.Debug|Any CPU.ActiveCfg = Debug|Any CPU
		{37F4619C-17EB-486E-93DE-22875560A92B}.Debug|Any CPU.Build.0 = Debug|Any CPU
		{37F4619C-17EB-486E-93DE-22875560A92B}.Release|Any CPU.ActiveCfg = Release|Any CPU
		{37F4619C-17EB-486E-93DE-22875560A92B}.Release|Any CPU.Build.0 = Release|Any CPU
	EndGlobalSection
	GlobalSection(SolutionProperties) = preSolution
		HideSolutionNode = FALSE
	EndGlobalSection
	GlobalSection(ExtensibilityGlobals) = postSolution
		SolutionGuid = {0692BD71-37AB-439A-9758-98CECB4674BB}
	EndGlobalSection
EndGlobal
